
Microsoft Visual Studio Solution File, Format Version 12.00
# Visual Studio Version 16
VisualStudioVersion = 16.0.29609.76
MinimumVisualStudioVersion = 10.0.40219.1
Project("{FAE04EC0-301F-11D3-BF4B-00C04F79EFBC}") = "NextPrime", "NextPrime\NextPrime.csproj", "{77C3BBD2-552B-496F-A141-1B1A50670989}"
EndProject
Global
	GlobalSection(SolutionConfigurationPlatforms) = preSolution
		Debug|Any CPU = Debug|Any CPU
		Release|Any CPU = Release|Any CPU
	EndGlobalSection
	GlobalSection(ProjectConfigurationPlatforms) = postSolution
		{77C3BBD2-552B-496F-A141-1B1A50670989}.Debug|Any CPU.ActiveCfg = Debug|Any CPU
		{77C3BBD2-552B-496F-A141-1B1A50670989}.Debug|Any CPU.Build.0 = Debug|Any CPU
		{77C3BBD2-552B-496F-A141-1B1A50670989}.Release|Any CPU.ActiveCfg = Release|Any CPU
		{77C3BBD2-552B-496F-A141-1B1A50670989}.Release|Any CPU.Build.0 = Release|Any CPU
	EndGlobalSection
	GlobalSection(SolutionProperties) = preSolution
		HideSolutionNode = FALSE
	EndGlobalSection
	GlobalSection(ExtensibilityGlobals) = postSolution
		SolutionGuid = {56A708E7-9E7A-4C70-845E-1D122826139A}
	EndGlobalSection
EndGlobal
