
Microsoft Visual Studio Solution File, Format Version 12.00
# Visual Studio Version 16
VisualStudioVersion = 16.0.29609.76
MinimumVisualStudioVersion = 10.0.40219.1
Project("{FAE04EC0-301F-11D3-BF4B-00C04F79EFBC}") = "MaskifyTheString", "MaskifyTheString\MaskifyTheString.csproj", "{6E3A447F-5BCA-49F5-97B5-C73B3C584179}"
EndProject
Global
	GlobalSection(SolutionConfigurationPlatforms) = preSolution
		Debug|Any CPU = Debug|Any CPU
		Release|Any CPU = Release|Any CPU
	EndGlobalSection
	GlobalSection(ProjectConfigurationPlatforms) = postSolution
		{6E3A447F-5BCA-49F5-97B5-C73B3C584179}.Debug|Any CPU.ActiveCfg = Debug|Any CPU
		{6E3A447F-5BCA-49F5-97B5-C73B3C584179}.Debug|Any CPU.Build.0 = Debug|Any CPU
		{6E3A447F-5BCA-49F5-97B5-C73B3C584179}.Release|Any CPU.ActiveCfg = Release|Any CPU
		{6E3A447F-5BCA-49F5-97B5-C73B3C584179}.Release|Any CPU.Build.0 = Release|Any CPU
	EndGlobalSection
	GlobalSection(SolutionProperties) = preSolution
		HideSolutionNode = FALSE
	EndGlobalSection
	GlobalSection(ExtensibilityGlobals) = postSolution
		SolutionGuid = {1F3931C6-E9A8-4CD6-A865-92D5A24A542F}
	EndGlobalSection
EndGlobal
