
Microsoft Visual Studio Solution File, Format Version 12.00
# Visual Studio Version 16
VisualStudioVersion = 16.0.29609.76
MinimumVisualStudioVersion = 10.0.40219.1
Project("{FAE04EC0-301F-11D3-BF4B-00C04F79EFBC}") = "Array of Multiples-Edabit", "Array of Multiples-Edabit\Array of Multiples-Edabit.csproj", "{9BC13B7D-1585-4563-9589-9AEEA413095F}"
EndProject
Global
	GlobalSection(SolutionConfigurationPlatforms) = preSolution
		Debug|Any CPU = Debug|Any CPU
		Release|Any CPU = Release|Any CPU
	EndGlobalSection
	GlobalSection(ProjectConfigurationPlatforms) = postSolution
		{9BC13B7D-1585-4563-9589-9AEEA413095F}.Debug|Any CPU.ActiveCfg = Debug|Any CPU
		{9BC13B7D-1585-4563-9589-9AEEA413095F}.Debug|Any CPU.Build.0 = Debug|Any CPU
		{9BC13B7D-1585-4563-9589-9AEEA413095F}.Release|Any CPU.ActiveCfg = Release|Any CPU
		{9BC13B7D-1585-4563-9589-9AEEA413095F}.Release|Any CPU.Build.0 = Release|Any CPU
	EndGlobalSection
	GlobalSection(SolutionProperties) = preSolution
		HideSolutionNode = FALSE
	EndGlobalSection
	GlobalSection(ExtensibilityGlobals) = postSolution
		SolutionGuid = {C88018CC-63C8-4278-84DE-F9BB16D949AC}
	EndGlobalSection
EndGlobal
